
Microsoft Visual Studio Solution File, Format Version 12.00
# Visual Studio 15
VisualStudioVersion = 15.0.28307.572
MinimumVisualStudioVersion = 10.0.40219.1
Project("{A07B5EB6-E848-4116-A8D0-A826331D98C6}") = "Database", "Database\Database.sfproj", "{43A71A84-7F66-4B8B-A6FD-CFBBF51ACF08}"
EndProject
Global
	GlobalSection(SolutionConfigurationPlatforms) = preSolution
		Debug|x64 = Debug|x64
		Release|x64 = Release|x64
	EndGlobalSection
	GlobalSection(ProjectConfigurationPlatforms) = postSolution
		{43A71A84-7F66-4B8B-A6FD-CFBBF51ACF08}.Debug|x64.ActiveCfg = Debug|x64
		{43A71A84-7F66-4B8B-A6FD-CFBBF51ACF08}.Debug|x64.Build.0 = Debug|x64
		{43A71A84-7F66-4B8B-A6FD-CFBBF51ACF08}.Debug|x64.Deploy.0 = Debug|x64
		{43A71A84-7F66-4B8B-A6FD-CFBBF51ACF08}.Release|x64.ActiveCfg = Release|x64
		{43A71A84-7F66-4B8B-A6FD-CFBBF51ACF08}.Release|x64.Build.0 = Release|x64
		{43A71A84-7F66-4B8B-A6FD-CFBBF51ACF08}.Release|x64.Deploy.0 = Release|x64
	EndGlobalSection
	GlobalSection(SolutionProperties) = preSolution
		HideSolutionNode = FALSE
	EndGlobalSection
	GlobalSection(ExtensibilityGlobals) = postSolution
		SolutionGuid = {E0B5F41D-55DC-41B6-8D7F-82D205E4482D}
	EndGlobalSection
EndGlobal
