
Microsoft Visual Studio Solution File, Format Version 12.00
# Visual Studio 15
VisualStudioVersion = 15.0.28307.572
MinimumVisualStudioVersion = 10.0.40219.1
Project("{A07B5EB6-E848-4116-A8D0-A826331D98C6}") = "Products", "Products\Products.sfproj", "{71B433EC-964B-4189-84B9-C0A7419BE98D}"
EndProject
Project("{FAE04EC0-301F-11D3-BF4B-00C04F79EFBC}") = "ProductApi", "ProductApi\ProductApi.csproj", "{1E409987-22ED-4AAD-9D0E-332043379496}"
EndProject
Global
	GlobalSection(SolutionConfigurationPlatforms) = preSolution
		Debug|Any CPU = Debug|Any CPU
		Debug|x64 = Debug|x64
		Release|Any CPU = Release|Any CPU
		Release|x64 = Release|x64
	EndGlobalSection
	GlobalSection(ProjectConfigurationPlatforms) = postSolution
		{71B433EC-964B-4189-84B9-C0A7419BE98D}.Debug|Any CPU.ActiveCfg = Debug|x64
		{71B433EC-964B-4189-84B9-C0A7419BE98D}.Debug|x64.ActiveCfg = Debug|x64
		{71B433EC-964B-4189-84B9-C0A7419BE98D}.Debug|x64.Build.0 = Debug|x64
		{71B433EC-964B-4189-84B9-C0A7419BE98D}.Debug|x64.Deploy.0 = Debug|x64
		{71B433EC-964B-4189-84B9-C0A7419BE98D}.Release|Any CPU.ActiveCfg = Release|x64
		{71B433EC-964B-4189-84B9-C0A7419BE98D}.Release|x64.ActiveCfg = Release|x64
		{71B433EC-964B-4189-84B9-C0A7419BE98D}.Release|x64.Build.0 = Release|x64
		{71B433EC-964B-4189-84B9-C0A7419BE98D}.Release|x64.Deploy.0 = Release|x64
		{1E409987-22ED-4AAD-9D0E-332043379496}.Debug|Any CPU.ActiveCfg = Debug|Any CPU
		{1E409987-22ED-4AAD-9D0E-332043379496}.Debug|Any CPU.Build.0 = Debug|Any CPU
		{1E409987-22ED-4AAD-9D0E-332043379496}.Debug|x64.ActiveCfg = Debug|Any CPU
		{1E409987-22ED-4AAD-9D0E-332043379496}.Debug|x64.Build.0 = Debug|Any CPU
		{1E409987-22ED-4AAD-9D0E-332043379496}.Release|Any CPU.ActiveCfg = Release|Any CPU
		{1E409987-22ED-4AAD-9D0E-332043379496}.Release|Any CPU.Build.0 = Release|Any CPU
		{1E409987-22ED-4AAD-9D0E-332043379496}.Release|x64.ActiveCfg = Release|Any CPU
		{1E409987-22ED-4AAD-9D0E-332043379496}.Release|x64.Build.0 = Release|Any CPU
	EndGlobalSection
	GlobalSection(SolutionProperties) = preSolution
		HideSolutionNode = FALSE
	EndGlobalSection
	GlobalSection(ExtensibilityGlobals) = postSolution
		SolutionGuid = {596B8F9C-2CEC-45C0-813C-2230EA318802}
	EndGlobalSection
EndGlobal
